
Microsoft Visual Studio Solution File, Format Version 12.00
# Visual Studio Version 17
VisualStudioVersion = 17.2.32630.192
MinimumVisualStudioVersion = 10.0.40219.1
Project("{9A19103F-16F7-4668-BE54-9A1E7A4F7556}") = "Server", "Server\Server.csproj", "{D4C21C61-70D5-434C-A7B6-456C609D789C}"
EndProject
Project("{9A19103F-16F7-4668-BE54-9A1E7A4F7556}") = "Models", "Models\Models.csproj", "{535AB6E3-5DDC-4E18-BD21-72D28463B29A}"
EndProject
Project("{9A19103F-16F7-4668-BE54-9A1E7A4F7556}") = "WPF Client", "WPF Client\WPF Client.csproj", "{58C42EBC-7A71-4F4F-9931-33CC49821BF6}"
EndProject
Project("{9A19103F-16F7-4668-BE54-9A1E7A4F7556}") = "WPFClientLibrary", "WPF Client Library\WPFClientLibrary.csproj", "{7040E0EF-E4D1-4D45-9716-DD88ABC005B7}"
EndProject
Global
	GlobalSection(SolutionConfigurationPlatforms) = preSolution
		Debug|Any CPU = Debug|Any CPU
		Release|Any CPU = Release|Any CPU
	EndGlobalSection
	GlobalSection(ProjectConfigurationPlatforms) = postSolution
		{D4C21C61-70D5-434C-A7B6-456C609D789C}.Debug|Any CPU.ActiveCfg = Debug|Any CPU
		{D4C21C61-70D5-434C-A7B6-456C609D789C}.Debug|Any CPU.Build.0 = Debug|Any CPU
		{D4C21C61-70D5-434C-A7B6-456C609D789C}.Release|Any CPU.ActiveCfg = Release|Any CPU
		{D4C21C61-70D5-434C-A7B6-456C609D789C}.Release|Any CPU.Build.0 = Release|Any CPU
		{535AB6E3-5DDC-4E18-BD21-72D28463B29A}.Debug|Any CPU.ActiveCfg = Debug|Any CPU
		{535AB6E3-5DDC-4E18-BD21-72D28463B29A}.Debug|Any CPU.Build.0 = Debug|Any CPU
		{535AB6E3-5DDC-4E18-BD21-72D28463B29A}.Release|Any CPU.ActiveCfg = Release|Any CPU
		{535AB6E3-5DDC-4E18-BD21-72D28463B29A}.Release|Any CPU.Build.0 = Release|Any CPU
		{58C42EBC-7A71-4F4F-9931-33CC49821BF6}.Debug|Any CPU.ActiveCfg = Debug|Any CPU
		{58C42EBC-7A71-4F4F-9931-33CC49821BF6}.Debug|Any CPU.Build.0 = Debug|Any CPU
		{58C42EBC-7A71-4F4F-9931-33CC49821BF6}.Release|Any CPU.ActiveCfg = Release|Any CPU
		{58C42EBC-7A71-4F4F-9931-33CC49821BF6}.Release|Any CPU.Build.0 = Release|Any CPU
		{7040E0EF-E4D1-4D45-9716-DD88ABC005B7}.Debug|Any CPU.ActiveCfg = Debug|Any CPU
		{7040E0EF-E4D1-4D45-9716-DD88ABC005B7}.Debug|Any CPU.Build.0 = Debug|Any CPU
		{7040E0EF-E4D1-4D45-9716-DD88ABC005B7}.Release|Any CPU.ActiveCfg = Release|Any CPU
		{7040E0EF-E4D1-4D45-9716-DD88ABC005B7}.Release|Any CPU.Build.0 = Release|Any CPU
	EndGlobalSection
	GlobalSection(SolutionProperties) = preSolution
		HideSolutionNode = FALSE
	EndGlobalSection
	GlobalSection(ExtensibilityGlobals) = postSolution
		SolutionGuid = {70CCEE61-F5C4-49C9-A4EF-8DB9F34BA1A0}
	EndGlobalSection
EndGlobal
